{
  "name": "lambda-authorizer-refresh",
  "version": "1.0.0",
  "lockfileVersion": 2,
  "requires": true,
  "packages": {
    "": {
      "name": "lambda-authorizer-refresh",
      "version": "1.0.0",
      "license": "ISC",
      "dependencies": {
        "query-string-parser": "^0.2.3"
      }
    },
    "node_modules/query-string-parser": {
      "version": "0.2.3",
      "resolved": "https://registry.npmjs.org/query-string-parser/-/query-string-parser-0.2.3.tgz",
      "integrity": "sha512-t8us5B2sj4pnMXxRkRE0B5NM7YeevFPew1ijr3uiv8AXVY4I6LwQRECxe6ZRmMJarmihhzgcjJmjbPGrMWg7iA=="
    }
  },
  "dependencies": {
    "query-string-parser": {
      "version": "0.2.3",
      "resolved": "https://registry.npmjs.org/query-string-parser/-/query-string-parser-0.2.3.tgz",
      "integrity": "sha512-t8us5B2sj4pnMXxRkRE0B5NM7YeevFPew1ijr3uiv8AXVY4I6LwQRECxe6ZRmMJarmihhzgcjJmjbPGrMWg7iA=="
    }
  }
}
